{
  "name": "@codeonlyjs/stdapp",
  "version": "0.1.17",
  "lockfileVersion": 3,
  "requires": true,
  "packages": {
    "": {
      "name": "@codeonlyjs/stdapp",
      "version": "0.1.17",
      "license": "Apache-2.0",
      "dependencies": {
        "@codeonlyjs/core": "github:codeonlyjs/core",
        "@codeonlyjs/stylish": "github:codeonlyjs/stylish",
        "commonmark": "github:toptensoftware/commonmark.js#directives"
      }
    },
    "node_modules/@codeonlyjs/core": {
      "version": "0.1.119",
      "resolved": "git+ssh://git@github.com/codeonlyjs/core.git#6a8b475a779916c49acb06980bf98bcad191c8b8",
      "license": "Apache-2.0"
    },
    "node_modules/@codeonlyjs/stylish": {
      "version": "1.0.14",
      "resolved": "git+ssh://git@github.com/codeonlyjs/stylish.git#98696085a64516ac869e514697be21928047644b",
      "license": "Apache-2.0"
    },
    "node_modules/commonmark": {
      "version": "0.31.2",
      "resolved": "git+ssh://git@github.com/toptensoftware/commonmark.js.git#d4b2f436d1656629411b940307b8580406b591da",
      "license": "BSD-2-Clause",
      "dependencies": {
        "entities": "~7.0.0",
        "mdurl": "~1.0.1",
        "minimist": "~1.2.8"
      },
      "bin": {
        "commonmark": "bin/commonmark"
      },
      "engines": {
        "node": "*"
      }
    },
    "node_modules/entities": {
      "version": "7.0.1",
      "resolved": "https://registry.npmjs.org/entities/-/entities-7.0.1.tgz",
      "integrity": "sha512-TWrgLOFUQTH994YUyl1yT4uyavY5nNB5muff+RtWaqNVCAK408b5ZnnbNAUEWLTCpum9w6arT70i1XdQ4UeOPA==",
      "license": "BSD-2-Clause",
      "engines": {
        "node": ">=0.12"
      },
      "funding": {
        "url": "https://github.com/fb55/entities?sponsor=1"
      }
    },
    "node_modules/mdurl": {
      "version": "1.0.1",
      "resolved": "https://registry.npmjs.org/mdurl/-/mdurl-1.0.1.tgz",
      "integrity": "sha512-/sKlQJCBYVY9Ers9hqzKou4H6V5UWc/M59TH2dvkt+84itfnq7uFOMLpOiOS4ujvHP4etln18fmIxA5R5fll0g==",
      "license": "MIT"
    },
    "node_modules/minimist": {
      "version": "1.2.8",
      "resolved": "https://registry.npmjs.org/minimist/-/minimist-1.2.8.tgz",
      "integrity": "sha512-2yyAR8qBkN3YuheJanUpWC5U3bb5osDywNB8RzDVlDwDHbocAJveqqj1u8+SVD7jkWT4yvsHCpWqqWqAxb0zCA==",
      "license": "MIT",
      "funding": {
        "url": "https://github.com/sponsors/ljharb"
      }
    }
  }
}
